
Microsoft Visual Studio Solution File, Format Version 12.00
# Visual Studio 15
VisualStudioVersion = 15.0.28307.168
MinimumVisualStudioVersion = 10.0.40219.1
Project("{FAE04EC0-301F-11D3-BF4B-00C04F79EFBC}") = "ObjTracker.ControlPanel", "ObjTracker.ControlPanel\ObjTracker.ControlPanel.csproj", "{C0B8D4E2-680A-46A2-BD6C-C19E54A7E78F}"
EndProject
Project("{FAE04EC0-301F-11D3-BF4B-00C04F79EFBC}") = "ObjTracker", "ObjTracker\ObjTracker.csproj", "{B1BCADEB-51B7-4652-A73A-34D9AC5D6CF1}"
EndProject
Global
	GlobalSection(SolutionConfigurationPlatforms) = preSolution
		Debug|Any CPU = Debug|Any CPU
		Release|Any CPU = Release|Any CPU
	EndGlobalSection
	GlobalSection(ProjectConfigurationPlatforms) = postSolution
		{C0B8D4E2-680A-46A2-BD6C-C19E54A7E78F}.Debug|Any CPU.ActiveCfg = Debug|Any CPU
		{C0B8D4E2-680A-46A2-BD6C-C19E54A7E78F}.Debug|Any CPU.Build.0 = Debug|Any CPU
		{C0B8D4E2-680A-46A2-BD6C-C19E54A7E78F}.Release|Any CPU.ActiveCfg = Release|Any CPU
		{C0B8D4E2-680A-46A2-BD6C-C19E54A7E78F}.Release|Any CPU.Build.0 = Release|Any CPU
		{B1BCADEB-51B7-4652-A73A-34D9AC5D6CF1}.Debug|Any CPU.ActiveCfg = Debug|Any CPU
		{B1BCADEB-51B7-4652-A73A-34D9AC5D6CF1}.Debug|Any CPU.Build.0 = Debug|Any CPU
		{B1BCADEB-51B7-4652-A73A-34D9AC5D6CF1}.Release|Any CPU.ActiveCfg = Release|Any CPU
		{B1BCADEB-51B7-4652-A73A-34D9AC5D6CF1}.Release|Any CPU.Build.0 = Release|Any CPU
	EndGlobalSection
	GlobalSection(SolutionProperties) = preSolution
		HideSolutionNode = FALSE
	EndGlobalSection
	GlobalSection(ExtensibilityGlobals) = postSolution
		SolutionGuid = {BF1C05FA-7C52-4DCE-B0B9-F4D07374BDAB}
	EndGlobalSection
EndGlobal
